
Microsoft Visual Studio Solution File, Format Version 12.00
# Visual Studio Version 17
VisualStudioVersion = 17.3.32929.385
MinimumVisualStudioVersion = 10.0.40219.1
Project("{FAE04EC0-301F-11D3-BF4B-00C04F79EFBC}") = "QRCoder", "QRCoder.csproj", "{17336A3D-FDF4-45D4-BD79-2F83E0CDDEB8}"
EndProject
Global
	GlobalSection(SolutionConfigurationPlatforms) = preSolution
		Debug|Any CPU = Debug|Any CPU
		Release|Any CPU = Release|Any CPU
	EndGlobalSection
	GlobalSection(ProjectConfigurationPlatforms) = postSolution
		{17336A3D-FDF4-45D4-BD79-2F83E0CDDEB8}.Debug|Any CPU.ActiveCfg = Debug|Any CPU
		{17336A3D-FDF4-45D4-BD79-2F83E0CDDEB8}.Debug|Any CPU.Build.0 = Debug|Any CPU
		{17336A3D-FDF4-45D4-BD79-2F83E0CDDEB8}.Release|Any CPU.ActiveCfg = Release|Any CPU
		{17336A3D-FDF4-45D4-BD79-2F83E0CDDEB8}.Release|Any CPU.Build.0 = Release|Any CPU
	EndGlobalSection
	GlobalSection(SolutionProperties) = preSolution
		HideSolutionNode = FALSE
	EndGlobalSection
	GlobalSection(ExtensibilityGlobals) = postSolution
		SolutionGuid = {36535B27-57D7-4306-A485-EE25F6AEF7C2}
	EndGlobalSection
EndGlobal
